
Microsoft Visual Studio Solution File, Format Version 12.00
# Visual Studio Version 17
VisualStudioVersion = 17.4.33403.182
MinimumVisualStudioVersion = 10.0.40219.1
Project("{9A19103F-16F7-4668-BE54-9A1E7A4F7556}") = "StocksApp", "StocksApp\StocksApp.csproj", "{5B60BB5C-EC6F-4B67-94F4-A8B5CF8624AE}"
EndProject
Project("{FAE04EC0-301F-11D3-BF4B-00C04F79EFBC}") = "StockTests", "StockTests\StockTests.csproj", "{DCE6DD22-A310-43F7-8B7E-F65BE93BD6ED}"
EndProject
Global
	GlobalSection(SolutionConfigurationPlatforms) = preSolution
		Debug|Any CPU = Debug|Any CPU
		Release|Any CPU = Release|Any CPU
	EndGlobalSection
	GlobalSection(ProjectConfigurationPlatforms) = postSolution
		{5B60BB5C-EC6F-4B67-94F4-A8B5CF8624AE}.Debug|Any CPU.ActiveCfg = Debug|Any CPU
		{5B60BB5C-EC6F-4B67-94F4-A8B5CF8624AE}.Debug|Any CPU.Build.0 = Debug|Any CPU
		{5B60BB5C-EC6F-4B67-94F4-A8B5CF8624AE}.Release|Any CPU.ActiveCfg = Release|Any CPU
		{5B60BB5C-EC6F-4B67-94F4-A8B5CF8624AE}.Release|Any CPU.Build.0 = Release|Any CPU
		{DCE6DD22-A310-43F7-8B7E-F65BE93BD6ED}.Debug|Any CPU.ActiveCfg = Debug|Any CPU
		{DCE6DD22-A310-43F7-8B7E-F65BE93BD6ED}.Debug|Any CPU.Build.0 = Debug|Any CPU
		{DCE6DD22-A310-43F7-8B7E-F65BE93BD6ED}.Release|Any CPU.ActiveCfg = Release|Any CPU
		{DCE6DD22-A310-43F7-8B7E-F65BE93BD6ED}.Release|Any CPU.Build.0 = Release|Any CPU
	EndGlobalSection
	GlobalSection(SolutionProperties) = preSolution
		HideSolutionNode = FALSE
	EndGlobalSection
	GlobalSection(ExtensibilityGlobals) = postSolution
		SolutionGuid = {F59092CC-D12B-49BE-A527-AE32EFEC1474}
	EndGlobalSection
EndGlobal
